
Microsoft Visual Studio Solution File, Format Version 12.00
# Visual Studio 15
Project("{FAE04EC0-301F-11D3-BF4B-00C04F79EFBC}") = "Delegates", "Delegates\Delegates.csproj", "{0CD440A6-399D-40DF-BD2A-6BC99E9DC5D8}"
EndProject
Global
	GlobalSection(SolutionConfigurationPlatforms) = preSolution
		Debug|Any CPU = Debug|Any CPU
		Release|Any CPU = Release|Any CPU
	EndGlobalSection
	GlobalSection(ProjectConfigurationPlatforms) = postSolution
		{0CD440A6-399D-40DF-BD2A-6BC99E9DC5D8}.Debug|Any CPU.ActiveCfg = Debug|Any CPU
		{0CD440A6-399D-40DF-BD2A-6BC99E9DC5D8}.Debug|Any CPU.Build.0 = Debug|Any CPU
		{0CD440A6-399D-40DF-BD2A-6BC99E9DC5D8}.Release|Any CPU.ActiveCfg = Release|Any CPU
		{0CD440A6-399D-40DF-BD2A-6BC99E9DC5D8}.Release|Any CPU.Build.0 = Release|Any CPU
	EndGlobalSection
EndGlobal
